github.com/abadojack/whatlanggo v1.0.1 h1:19N6YogDnf71CTHm3Mp2qhYfkRdyvbgwWdd2EPxJRG4=
github.com/abadojack/whatlanggo v1.0.1/go.mod h1:66WiQbSbJBIlOZMsvbKe5m6pzQovxCH9B/K8tQB2uoc=
github.com/davecgh/go-spew v1.1.1/go.mod h1:J7Y8YcW2NihsgmVo/mv3lAwl/skON4iLHjSsI+c5H38=
github.com/mingrammer/commonregex v1.0.1 h1:QY0Z1Bl80jw9M3+488HJXPWnZmvtu3UdvxyodP2FTyY=
github.com/mingrammer/commonregex v1.0.1/go.mod h1:/HNZq7qReKgXBxJxce5SOxf33y0il/ZqL4Kxgo2NLcA=
github.com/pmezard/go-difflib v1.0.0/go.mod h1:iKH77koFhYxTK1pcRnkKkqfTogsbg7gZNVY4sRDYZ/4=
github.com/rylans/getlang v0.0.0-20201227074721-9e7f44ff8aa0 h1:qSaU9YAEIxk/ozcmY1hiauktAYTpbwYIrPdQ0L2E8UM=
github.com/rylans/getlang v0.0.0-20201227074721-9e7f44ff8aa0/go.mod h1:3vfmZI6aJd5Rb9W2TQ0Nmupl+qem21R05+hmCscI0Bk=
github.com/stretchr/testify v1.2.2/go.mod h1:a8OnRcib4nhh0OaRAV+Yts87kKdq0PP7pXfy6kDkUVs=
golang.org/x/text v0.17.0 h1:XtiM5bkSOt+ewxlOE/aE/AKEHibwj/6gvWMl9Rsh0Qc=
golang.org/x/text v0.17.0/go.mod h1:BuEKDfySbSR4drPmRPG/7iBdf8hvFMuRexcpahXilzY=
